
Microsoft Visual Studio Solution File, Format Version 12.00
# Visual Studio 2013
VisualStudioVersion = 12.0.31101.0
MinimumVisualStudioVersion = 10.0.40219.1
Project("{FAE04EC0-301F-11D3-BF4B-00C04F79EFBC}") = "LocationDemo", "LocationDemo\LocationDemo\LocationDemo.csproj", "{E8CCB62F-4C1D-4757-81B5-FF65F32D403A}"
EndProject
Project("{FAE04EC0-301F-11D3-BF4B-00C04F79EFBC}") = "LocationDemo.iOS", "LocationDemo\LocationDemo.iOS\LocationDemo.iOS.csproj", "{105E992D-7C21-4129-BECC-E3F8A8C0CA06}"
EndProject
Project("{FAE04EC0-301F-11D3-BF4B-00C04F79EFBC}") = "LocationDemo.Droid", "LocationDemo\LocationDemo.Droid\LocationDemo.Droid.csproj", "{67787393-B45B-497D-B2EA-F27BCB8C4D1E}"
EndProject
Project("{FAE04EC0-301F-11D3-BF4B-00C04F79EFBC}") = "LocationDemo.WinPhone", "LocationDemo\LocationDemo.WinPhone\LocationDemo.WinPhone.csproj", "{0A0864C6-D697-460E-AA5C-BE7C66224422}"
EndProject
Global
	GlobalSection(SolutionConfigurationPlatforms) = preSolution
		Ad-Hoc|Any CPU = Ad-Hoc|Any CPU
		Ad-Hoc|ARM = Ad-Hoc|ARM
		Ad-Hoc|iPhone = Ad-Hoc|iPhone
		Ad-Hoc|iPhoneSimulator = Ad-Hoc|iPhoneSimulator
		Ad-Hoc|Mixed Platforms = Ad-Hoc|Mixed Platforms
		Ad-Hoc|x86 = Ad-Hoc|x86
		AppStore|Any CPU = AppStore|Any CPU
		AppStore|ARM = AppStore|ARM
		AppStore|iPhone = AppStore|iPhone
		AppStore|iPhoneSimulator = AppStore|iPhoneSimulator
		AppStore|Mixed Platforms = AppStore|Mixed Platforms
		AppStore|x86 = AppStore|x86
		Debug|Any CPU = Debug|Any CPU
		Debug|ARM = Debug|ARM
		Debug|iPhone = Debug|iPhone
		Debug|iPhoneSimulator = Debug|iPhoneSimulator
		Debug|Mixed Platforms = Debug|Mixed Platforms
		Debug|x86 = Debug|x86
		Release|Any CPU = Release|Any CPU
		Release|ARM = Release|ARM
		Release|iPhone = Release|iPhone
		Release|iPhoneSimulator = Release|iPhoneSimulator
		Release|Mixed Platforms = Release|Mixed Platforms
		Release|x86 = Release|x86
	EndGlobalSection
	GlobalSection(ProjectConfigurationPlatforms) = postSolution
		{E8CCB62F-4C1D-4757-81B5-FF65F32D403A}.Ad-Hoc|Any CPU.ActiveCfg = Release|Any CPU
		{E8CCB62F-4C1D-4757-81B5-FF65F32D403A}.Ad-Hoc|Any CPU.Build.0 = Release|Any CPU
		{E8CCB62F-4C1D-4757-81B5-FF65F32D403A}.Ad-Hoc|ARM.ActiveCfg = Release|Any CPU
		{E8CCB62F-4C1D-4757-81B5-FF65F32D403A}.Ad-Hoc|iPhone.ActiveCfg = Release|Any CPU
		{E8CCB62F-4C1D-4757-81B5-FF65F32D403A}.Ad-Hoc|iPhoneSimulator.ActiveCfg = Release|Any CPU
		{E8CCB62F-4C1D-4757-81B5-FF65F32D403A}.Ad-Hoc|Mixed Platforms.ActiveCfg = Release|Any CPU
		{E8CCB62F-4C1D-4757-81B5-FF65F32D403A}.Ad-Hoc|Mixed Platforms.Build.0 = Release|Any CPU
		{E8CCB62F-4C1D-4757-81B5-FF65F32D403A}.Ad-Hoc|x86.ActiveCfg = Release|Any CPU
		{E8CCB62F-4C1D-4757-81B5-FF65F32D403A}.AppStore|Any CPU.ActiveCfg = Release|Any CPU
		{E8CCB62F-4C1D-4757-81B5-FF65F32D403A}.AppStore|Any CPU.Build.0 = Release|Any CPU
		{E8CCB62F-4C1D-4757-81B5-FF65F32D403A}.AppStore|ARM.ActiveCfg = Release|Any CPU
		{E8CCB62F-4C1D-4757-81B5-FF65F32D403A}.AppStore|iPhone.ActiveCfg = Release|Any CPU
		{E8CCB62F-4C1D-4757-81B5-FF65F32D403A}.AppStore|iPhoneSimulator.ActiveCfg = Release|Any CPU
		{E8CCB62F-4C1D-4757-81B5-FF65F32D403A}.AppStore|Mixed Platforms.ActiveCfg = Release|Any CPU
		{E8CCB62F-4C1D-4757-81B5-FF65F32D403A}.AppStore|Mixed Platforms.Build.0 = Release|Any CPU
		{E8CCB62F-4C1D-4757-81B5-FF65F32D403A}.AppStore|x86.ActiveCfg = Release|Any CPU
		{E8CCB62F-4C1D-4757-81B5-FF65F32D403A}.Debug|Any CPU.ActiveCfg = Debug|Any CPU
		{E8CCB62F-4C1D-4757-81B5-FF65F32D403A}.Debug|Any CPU.Build.0 = Debug|Any CPU
		{E8CCB62F-4C1D-4757-81B5-FF65F32D403A}.Debug|ARM.ActiveCfg = Debug|Any CPU
		{E8CCB62F-4C1D-4757-81B5-FF65F32D403A}.Debug|iPhone.ActiveCfg = Debug|Any CPU
		{E8CCB62F-4C1D-4757-81B5-FF65F32D403A}.Debug|iPhoneSimulator.ActiveCfg = Debug|Any CPU
		{E8CCB62F-4C1D-4757-81B5-FF65F32D403A}.Debug|iPhoneSimulator.Build.0 = Debug|Any CPU
		{E8CCB62F-4C1D-4757-81B5-FF65F32D403A}.Debug|Mixed Platforms.ActiveCfg = Debug|Any CPU
		{E8CCB62F-4C1D-4757-81B5-FF65F32D403A}.Debug|Mixed Platforms.Build.0 = Debug|Any CPU
		{E8CCB62F-4C1D-4757-81B5-FF65F32D403A}.Debug|x86.ActiveCfg = Debug|Any CPU
		{E8CCB62F-4C1D-4757-81B5-FF65F32D403A}.Release|Any CPU.ActiveCfg = Release|Any CPU
		{E8CCB62F-4C1D-4757-81B5-FF65F32D403A}.Release|Any CPU.Build.0 = Release|Any CPU
		{E8CCB62F-4C1D-4757-81B5-FF65F32D403A}.Release|ARM.ActiveCfg = Release|Any CPU
		{E8CCB62F-4C1D-4757-81B5-FF65F32D403A}.Release|iPhone.ActiveCfg = Release|Any CPU
		{E8CCB62F-4C1D-4757-81B5-FF65F32D403A}.Release|iPhoneSimulator.ActiveCfg = Release|Any CPU
		{E8CCB62F-4C1D-4757-81B5-FF65F32D403A}.Release|Mixed Platforms.ActiveCfg = Release|Any CPU
		{E8CCB62F-4C1D-4757-81B5-FF65F32D403A}.Release|Mixed Platforms.Build.0 = Release|Any CPU
		{E8CCB62F-4C1D-4757-81B5-FF65F32D403A}.Release|x86.ActiveCfg = Release|Any CPU
		{105E992D-7C21-4129-BECC-E3F8A8C0CA06}.Ad-Hoc|Any CPU.ActiveCfg = Ad-Hoc|iPhone
		{105E992D-7C21-4129-BECC-E3F8A8C0CA06}.Ad-Hoc|ARM.ActiveCfg = Ad-Hoc|iPhone
		{105E992D-7C21-4129-BECC-E3F8A8C0CA06}.Ad-Hoc|iPhone.ActiveCfg = Ad-Hoc|iPhone
		{105E992D-7C21-4129-BECC-E3F8A8C0CA06}.Ad-Hoc|iPhone.Build.0 = Ad-Hoc|iPhone
		{105E992D-7C21-4129-BECC-E3F8A8C0CA06}.Ad-Hoc|iPhoneSimulator.ActiveCfg = Ad-Hoc|iPhoneSimulator
		{105E992D-7C21-4129-BECC-E3F8A8C0CA06}.Ad-Hoc|iPhoneSimulator.Build.0 = Ad-Hoc|iPhoneSimulator
		{105E992D-7C21-4129-BECC-E3F8A8C0CA06}.Ad-Hoc|Mixed Platforms.ActiveCfg = Ad-Hoc|iPhone
		{105E992D-7C21-4129-BECC-E3F8A8C0CA06}.Ad-Hoc|Mixed Platforms.Build.0 = Ad-Hoc|iPhone
		{105E992D-7C21-4129-BECC-E3F8A8C0CA06}.Ad-Hoc|x86.ActiveCfg = Ad-Hoc|iPhone
		{105E992D-7C21-4129-BECC-E3F8A8C0CA06}.AppStore|Any CPU.ActiveCfg = AppStore|iPhone
		{105E992D-7C21-4129-BECC-E3F8A8C0CA06}.AppStore|ARM.ActiveCfg = AppStore|iPhone
		{105E992D-7C21-4129-BECC-E3F8A8C0CA06}.AppStore|iPhone.ActiveCfg = AppStore|iPhone
		{105E992D-7C21-4129-BECC-E3F8A8C0CA06}.AppStore|iPhone.Build.0 = AppStore|iPhone
		{105E992D-7C21-4129-BECC-E3F8A8C0CA06}.AppStore|iPhoneSimulator.ActiveCfg = AppStore|iPhoneSimulator
		{105E992D-7C21-4129-BECC-E3F8A8C0CA06}.AppStore|iPhoneSimulator.Build.0 = AppStore|iPhoneSimulator
		{105E992D-7C21-4129-BECC-E3F8A8C0CA06}.AppStore|Mixed Platforms.ActiveCfg = AppStore|iPhone
		{105E992D-7C21-4129-BECC-E3F8A8C0CA06}.AppStore|Mixed Platforms.Build.0 = AppStore|iPhone
		{105E992D-7C21-4129-BECC-E3F8A8C0CA06}.AppStore|x86.ActiveCfg = AppStore|iPhone
		{105E992D-7C21-4129-BECC-E3F8A8C0CA06}.Debug|Any CPU.ActiveCfg = Debug|iPhone
		{105E992D-7C21-4129-BECC-E3F8A8C0CA06}.Debug|ARM.ActiveCfg = Debug|iPhone
		{105E992D-7C21-4129-BECC-E3F8A8C0CA06}.Debug|iPhone.ActiveCfg = Debug|iPhone
		{105E992D-7C21-4129-BECC-E3F8A8C0CA06}.Debug|iPhone.Build.0 = Debug|iPhone
		{105E992D-7C21-4129-BECC-E3F8A8C0CA06}.Debug|iPhoneSimulator.ActiveCfg = Debug|iPhoneSimulator
		{105E992D-7C21-4129-BECC-E3F8A8C0CA06}.Debug|iPhoneSimulator.Build.0 = Debug|iPhoneSimulator
		{105E992D-7C21-4129-BECC-E3F8A8C0CA06}.Debug|Mixed Platforms.ActiveCfg = Debug|iPhone
		{105E992D-7C21-4129-BECC-E3F8A8C0CA06}.Debug|Mixed Platforms.Build.0 = Debug|iPhone
		{105E992D-7C21-4129-BECC-E3F8A8C0CA06}.Debug|x86.ActiveCfg = Debug|iPhone
		{105E992D-7C21-4129-BECC-E3F8A8C0CA06}.Release|Any CPU.ActiveCfg = Release|iPhone
		{105E992D-7C21-4129-BECC-E3F8A8C0CA06}.Release|ARM.ActiveCfg = Release|iPhone
		{105E992D-7C21-4129-BECC-E3F8A8C0CA06}.Release|iPhone.ActiveCfg = Release|iPhone
		{105E992D-7C21-4129-BECC-E3F8A8C0CA06}.Release|iPhone.Build.0 = Release|iPhone
		{105E992D-7C21-4129-BECC-E3F8A8C0CA06}.Release|iPhoneSimulator.ActiveCfg = Release|iPhoneSimulator
		{105E992D-7C21-4129-BECC-E3F8A8C0CA06}.Release|iPhoneSimulator.Build.0 = Release|iPhoneSimulator
		{105E992D-7C21-4129-BECC-E3F8A8C0CA06}.Release|Mixed Platforms.ActiveCfg = Release|iPhone
		{105E992D-7C21-4129-BECC-E3F8A8C0CA06}.Release|Mixed Platforms.Build.0 = Release|iPhone
		{105E992D-7C21-4129-BECC-E3F8A8C0CA06}.Release|x86.ActiveCfg = Release|iPhone
		{67787393-B45B-497D-B2EA-F27BCB8C4D1E}.Ad-Hoc|Any CPU.ActiveCfg = Release|Any CPU
		{67787393-B45B-497D-B2EA-F27BCB8C4D1E}.Ad-Hoc|Any CPU.Build.0 = Release|Any CPU
		{67787393-B45B-497D-B2EA-F27BCB8C4D1E}.Ad-Hoc|Any CPU.Deploy.0 = Release|Any CPU
		{67787393-B45B-497D-B2EA-F27BCB8C4D1E}.Ad-Hoc|ARM.ActiveCfg = Release|Any CPU
		{67787393-B45B-497D-B2EA-F27BCB8C4D1E}.Ad-Hoc|iPhone.ActiveCfg = Release|Any CPU
		{67787393-B45B-497D-B2EA-F27BCB8C4D1E}.Ad-Hoc|iPhoneSimulator.ActiveCfg = Release|Any CPU
		{67787393-B45B-497D-B2EA-F27BCB8C4D1E}.Ad-Hoc|Mixed Platforms.ActiveCfg = Release|Any CPU
		{67787393-B45B-497D-B2EA-F27BCB8C4D1E}.Ad-Hoc|Mixed Platforms.Build.0 = Release|Any CPU
		{67787393-B45B-497D-B2EA-F27BCB8C4D1E}.Ad-Hoc|Mixed Platforms.Deploy.0 = Release|Any CPU
		{67787393-B45B-497D-B2EA-F27BCB8C4D1E}.Ad-Hoc|x86.ActiveCfg = Release|Any CPU
		{67787393-B45B-497D-B2EA-F27BCB8C4D1E}.AppStore|Any CPU.ActiveCfg = Release|Any CPU
		{67787393-B45B-497D-B2EA-F27BCB8C4D1E}.AppStore|Any CPU.Build.0 = Release|Any CPU
		{67787393-B45B-497D-B2EA-F27BCB8C4D1E}.AppStore|Any CPU.Deploy.0 = Release|Any CPU
		{67787393-B45B-497D-B2EA-F27BCB8C4D1E}.AppStore|ARM.ActiveCfg = Release|Any CPU
		{67787393-B45B-497D-B2EA-F27BCB8C4D1E}.AppStore|iPhone.ActiveCfg = Release|Any CPU
		{67787393-B45B-497D-B2EA-F27BCB8C4D1E}.AppStore|iPhoneSimulator.ActiveCfg = Release|Any CPU
		{67787393-B45B-497D-B2EA-F27BCB8C4D1E}.AppStore|Mixed Platforms.ActiveCfg = Release|Any CPU
		{67787393-B45B-497D-B2EA-F27BCB8C4D1E}.AppStore|Mixed Platforms.Build.0 = Release|Any CPU
		{67787393-B45B-497D-B2EA-F27BCB8C4D1E}.AppStore|Mixed Platforms.Deploy.0 = Release|Any CPU
		{67787393-B45B-497D-B2EA-F27BCB8C4D1E}.AppStore|x86.ActiveCfg = Release|Any CPU
		{67787393-B45B-497D-B2EA-F27BCB8C4D1E}.Debug|Any CPU.ActiveCfg = Debug|Any CPU
		{67787393-B45B-497D-B2EA-F27BCB8C4D1E}.Debug|Any CPU.Build.0 = Debug|Any CPU
		{67787393-B45B-497D-B2EA-F27BCB8C4D1E}.Debug|Any CPU.Deploy.0 = Debug|Any CPU
		{67787393-B45B-497D-B2EA-F27BCB8C4D1E}.Debug|ARM.ActiveCfg = Debug|Any CPU
		{67787393-B45B-497D-B2EA-F27BCB8C4D1E}.Debug|iPhone.ActiveCfg = Debug|Any CPU
		{67787393-B45B-497D-B2EA-F27BCB8C4D1E}.Debug|iPhoneSimulator.ActiveCfg = Debug|Any CPU
		{67787393-B45B-497D-B2EA-F27BCB8C4D1E}.Debug|Mixed Platforms.ActiveCfg = Debug|Any CPU
		{67787393-B45B-497D-B2EA-F27BCB8C4D1E}.Debug|Mixed Platforms.Deploy.0 = Debug|Any CPU
		{67787393-B45B-497D-B2EA-F27BCB8C4D1E}.Debug|x86.ActiveCfg = Debug|Any CPU
		{67787393-B45B-497D-B2EA-F27BCB8C4D1E}.Release|Any CPU.ActiveCfg = Release|Any CPU
		{67787393-B45B-497D-B2EA-F27BCB8C4D1E}.Release|Any CPU.Build.0 = Release|Any CPU
		{67787393-B45B-497D-B2EA-F27BCB8C4D1E}.Release|Any CPU.Deploy.0 = Release|Any CPU
		{67787393-B45B-497D-B2EA-F27BCB8C4D1E}.Release|ARM.ActiveCfg = Release|Any CPU
		{67787393-B45B-497D-B2EA-F27BCB8C4D1E}.Release|iPhone.ActiveCfg = Release|Any CPU
		{67787393-B45B-497D-B2EA-F27BCB8C4D1E}.Release|iPhoneSimulator.ActiveCfg = Release|Any CPU
		{67787393-B45B-497D-B2EA-F27BCB8C4D1E}.Release|Mixed Platforms.ActiveCfg = Release|Any CPU
		{67787393-B45B-497D-B2EA-F27BCB8C4D1E}.Release|Mixed Platforms.Build.0 = Release|Any CPU
		{67787393-B45B-497D-B2EA-F27BCB8C4D1E}.Release|Mixed Platforms.Deploy.0 = Release|Any CPU
		{67787393-B45B-497D-B2EA-F27BCB8C4D1E}.Release|x86.ActiveCfg = Release|Any CPU
		{0A0864C6-D697-460E-AA5C-BE7C66224422}.Ad-Hoc|Any CPU.ActiveCfg = Release|Any CPU
		{0A0864C6-D697-460E-AA5C-BE7C66224422}.Ad-Hoc|Any CPU.Build.0 = Release|Any CPU
		{0A0864C6-D697-460E-AA5C-BE7C66224422}.Ad-Hoc|Any CPU.Deploy.0 = Release|Any CPU
		{0A0864C6-D697-460E-AA5C-BE7C66224422}.Ad-Hoc|ARM.ActiveCfg = Release|ARM
		{0A0864C6-D697-460E-AA5C-BE7C66224422}.Ad-Hoc|ARM.Build.0 = Release|ARM
		{0A0864C6-D697-460E-AA5C-BE7C66224422}.Ad-Hoc|ARM.Deploy.0 = Release|ARM
		{0A0864C6-D697-460E-AA5C-BE7C66224422}.Ad-Hoc|iPhone.ActiveCfg = Release|Any CPU
		{0A0864C6-D697-460E-AA5C-BE7C66224422}.Ad-Hoc|iPhoneSimulator.ActiveCfg = Release|Any CPU
		{0A0864C6-D697-460E-AA5C-BE7C66224422}.Ad-Hoc|Mixed Platforms.ActiveCfg = Release|x86
		{0A0864C6-D697-460E-AA5C-BE7C66224422}.Ad-Hoc|Mixed Platforms.Build.0 = Release|x86
		{0A0864C6-D697-460E-AA5C-BE7C66224422}.Ad-Hoc|Mixed Platforms.Deploy.0 = Release|x86
		{0A0864C6-D697-460E-AA5C-BE7C66224422}.Ad-Hoc|x86.ActiveCfg = Release|x86
		{0A0864C6-D697-460E-AA5C-BE7C66224422}.Ad-Hoc|x86.Build.0 = Release|x86
		{0A0864C6-D697-460E-AA5C-BE7C66224422}.Ad-Hoc|x86.Deploy.0 = Release|x86
		{0A0864C6-D697-460E-AA5C-BE7C66224422}.AppStore|Any CPU.ActiveCfg = Release|Any CPU
		{0A0864C6-D697-460E-AA5C-BE7C66224422}.AppStore|Any CPU.Build.0 = Release|Any CPU
		{0A0864C6-D697-460E-AA5C-BE7C66224422}.AppStore|Any CPU.Deploy.0 = Release|Any CPU
		{0A0864C6-D697-460E-AA5C-BE7C66224422}.AppStore|ARM.ActiveCfg = Release|ARM
		{0A0864C6-D697-460E-AA5C-BE7C66224422}.AppStore|ARM.Build.0 = Release|ARM
		{0A0864C6-D697-460E-AA5C-BE7C66224422}.AppStore|ARM.Deploy.0 = Release|ARM
		{0A0864C6-D697-460E-AA5C-BE7C66224422}.AppStore|iPhone.ActiveCfg = Release|Any CPU
		{0A0864C6-D697-460E-AA5C-BE7C66224422}.AppStore|iPhoneSimulator.ActiveCfg = Release|Any CPU
		{0A0864C6-D697-460E-AA5C-BE7C66224422}.AppStore|Mixed Platforms.ActiveCfg = Release|x86
		{0A0864C6-D697-460E-AA5C-BE7C66224422}.AppStore|Mixed Platforms.Build.0 = Release|x86
		{0A0864C6-D697-460E-AA5C-BE7C66224422}.AppStore|Mixed Platforms.Deploy.0 = Release|x86
		{0A0864C6-D697-460E-AA5C-BE7C66224422}.AppStore|x86.ActiveCfg = Release|x86
		{0A0864C6-D697-460E-AA5C-BE7C66224422}.AppStore|x86.Build.0 = Release|x86
		{0A0864C6-D697-460E-AA5C-BE7C66224422}.AppStore|x86.Deploy.0 = Release|x86
		{0A0864C6-D697-460E-AA5C-BE7C66224422}.Debug|Any CPU.ActiveCfg = Debug|Any CPU
		{0A0864C6-D697-460E-AA5C-BE7C66224422}.Debug|Any CPU.Build.0 = Debug|Any CPU
		{0A0864C6-D697-460E-AA5C-BE7C66224422}.Debug|Any CPU.Deploy.0 = Debug|Any CPU
		{0A0864C6-D697-460E-AA5C-BE7C66224422}.Debug|ARM.ActiveCfg = Debug|ARM
		{0A0864C6-D697-460E-AA5C-BE7C66224422}.Debug|ARM.Build.0 = Debug|ARM
		{0A0864C6-D697-460E-AA5C-BE7C66224422}.Debug|ARM.Deploy.0 = Debug|ARM
		{0A0864C6-D697-460E-AA5C-BE7C66224422}.Debug|iPhone.ActiveCfg = Debug|Any CPU
		{0A0864C6-D697-460E-AA5C-BE7C66224422}.Debug|iPhoneSimulator.ActiveCfg = Debug|Any CPU
		{0A0864C6-D697-460E-AA5C-BE7C66224422}.Debug|Mixed Platforms.ActiveCfg = Debug|x86
		{0A0864C6-D697-460E-AA5C-BE7C66224422}.Debug|Mixed Platforms.Deploy.0 = Debug|x86
		{0A0864C6-D697-460E-AA5C-BE7C66224422}.Debug|x86.ActiveCfg = Debug|x86
		{0A0864C6-D697-460E-AA5C-BE7C66224422}.Debug|x86.Build.0 = Debug|x86
		{0A0864C6-D697-460E-AA5C-BE7C66224422}.Debug|x86.Deploy.0 = Debug|x86
		{0A0864C6-D697-460E-AA5C-BE7C66224422}.Release|Any CPU.ActiveCfg = Release|Any CPU
		{0A0864C6-D697-460E-AA5C-BE7C66224422}.Release|Any CPU.Build.0 = Release|Any CPU
		{0A0864C6-D697-460E-AA5C-BE7C66224422}.Release|Any CPU.Deploy.0 = Release|Any CPU
		{0A0864C6-D697-460E-AA5C-BE7C66224422}.Release|ARM.ActiveCfg = Release|ARM
		{0A0864C6-D697-460E-AA5C-BE7C66224422}.Release|ARM.Build.0 = Release|ARM
		{0A0864C6-D697-460E-AA5C-BE7C66224422}.Release|ARM.Deploy.0 = Release|ARM
		{0A0864C6-D697-460E-AA5C-BE7C66224422}.Release|iPhone.ActiveCfg = Release|Any CPU
		{0A0864C6-D697-460E-AA5C-BE7C66224422}.Release|iPhoneSimulator.ActiveCfg = Release|Any CPU
		{0A0864C6-D697-460E-AA5C-BE7C66224422}.Release|Mixed Platforms.ActiveCfg = Release|x86
		{0A0864C6-D697-460E-AA5C-BE7C66224422}.Release|Mixed Platforms.Build.0 = Release|x86
		{0A0864C6-D697-460E-AA5C-BE7C66224422}.Release|Mixed Platforms.Deploy.0 = Release|x86
		{0A0864C6-D697-460E-AA5C-BE7C66224422}.Release|x86.ActiveCfg = Release|x86
		{0A0864C6-D697-460E-AA5C-BE7C66224422}.Release|x86.Build.0 = Release|x86
		{0A0864C6-D697-460E-AA5C-BE7C66224422}.Release|x86.Deploy.0 = Release|x86
	EndGlobalSection
	GlobalSection(SolutionProperties) = preSolution
		HideSolutionNode = FALSE
	EndGlobalSection
EndGlobal
